// !$*UTF8*$!
{
	archiveVersion = 1;
	classes = {
	};
	objectVersion = 56;
	objects = {

/* Begin PBXBuildFile section */
		B73CBE822A21720D000A19CC /* CoustomProfile.swift in Sources */ = {isa = PBXBuildFile; fileRef = B73CBE812A21720D000A19CC /* CoustomProfile.swift */; };
		B73CBE842A21DE54000A19CC /* CoustomTabBar.swift in Sources */ = {isa = PBXBuildFile; fileRef = B73CBE832A21DE54000A19CC /* CoustomTabBar.swift */; };
		B73CBE862A21F5F2000A19CC /* Register.swift in Sources */ = {isa = PBXBuildFile; fileRef = B73CBE852A21F5F2000A19CC /* Register.swift */; };
		B73CBE882A21F7CF000A19CC /* CoustomRegister.swift in Sources */ = {isa = PBXBuildFile; fileRef = B73CBE872A21F7CF000A19CC /* CoustomRegister.swift */; };
		B73CBE8A2A21FB67000A19CC /* CoustomButton.swift in Sources */ = {isa = PBXBuildFile; fileRef = B73CBE892A21FB67000A19CC /* CoustomButton.swift */; };
		B73CBE8C2A21FF58000A19CC /* CoustomButtonFitt.swift in Sources */ = {isa = PBXBuildFile; fileRef = B73CBE8B2A21FF58000A19CC /* CoustomButtonFitt.swift */; };
		B73CBE8E2A220511000A19CC /* CoustomRigesterButton.swift in Sources */ = {isa = PBXBuildFile; fileRef = B73CBE8D2A220511000A19CC /* CoustomRigesterButton.swift */; };
		B73CBE902A220550000A19CC /* CoustomOr.swift in Sources */ = {isa = PBXBuildFile; fileRef = B73CBE8F2A220550000A19CC /* CoustomOr.swift */; };
		B73CBE922A22092C000A19CC /* Login.swift in Sources */ = {isa = PBXBuildFile; fileRef = B73CBE912A22092C000A19CC /* Login.swift */; };
		B73CBE942A22097B000A19CC /* CoustomLogin.swift in Sources */ = {isa = PBXBuildFile; fileRef = B73CBE932A22097B000A19CC /* CoustomLogin.swift */; };
		B73CBE962A220F2C000A19CC /* CoustomReminder.swift in Sources */ = {isa = PBXBuildFile; fileRef = B73CBE952A220F2C000A19CC /* CoustomReminder.swift */; };
		B73CBE982A2213C5000A19CC /* CoustomNew.swift in Sources */ = {isa = PBXBuildFile; fileRef = B73CBE972A2213C5000A19CC /* CoustomNew.swift */; };
		B7C37C532A20DB1F001FF51D /* TasteMosel.swift in Sources */ = {isa = PBXBuildFile; fileRef = B7C37C522A20DB1F001FF51D /* TasteMosel.swift */; };
		B7C37C562A20EBDB001FF51D /* CoustomTob.swift in Sources */ = {isa = PBXBuildFile; fileRef = B7C37C552A20EBDB001FF51D /* CoustomTob.swift */; };
		B7C37C5C2A20F5AE001FF51D /* ToBarImage.swift in Sources */ = {isa = PBXBuildFile; fileRef = B7C37C5B2A20F5AE001FF51D /* ToBarImage.swift */; };
		B7C37C5E2A20F74C001FF51D /* HomeView.swift in Sources */ = {isa = PBXBuildFile; fileRef = B7C37C5D2A20F74C001FF51D /* HomeView.swift */; };
		B7C37C602A20F7AE001FF51D /* CoustomSearch.swift in Sources */ = {isa = PBXBuildFile; fileRef = B7C37C5F2A20F7AE001FF51D /* CoustomSearch.swift */; };
		B7C37C622A210287001FF51D /* Coustom Categories.swift in Sources */ = {isa = PBXBuildFile; fileRef = B7C37C612A210287001FF51D /* Coustom Categories.swift */; };
		B7C37C662A21049A001FF51D /* CoustomCatigrosicFood.swift in Sources */ = {isa = PBXBuildFile; fileRef = B7C37C652A21049A001FF51D /* CoustomCatigrosicFood.swift */; };
		B7C37C682A211105001FF51D /* CostomFeatured.swift in Sources */ = {isa = PBXBuildFile; fileRef = B7C37C672A211105001FF51D /* CostomFeatured.swift */; };
		B7C37C6C2A212658001FF51D /* CoustomFeaturedResturant.swift in Sources */ = {isa = PBXBuildFile; fileRef = B7C37C6B2A212658001FF51D /* CoustomFeaturedResturant.swift */; };
		B7C37C6E2A213888001FF51D /* Stars.swift in Sources */ = {isa = PBXBuildFile; fileRef = B7C37C6D2A213888001FF51D /* Stars.swift */; };
		B7C37C702A21426E001FF51D /* CoustoFavourits.swift in Sources */ = {isa = PBXBuildFile; fileRef = B7C37C6F2A21426E001FF51D /* CoustoFavourits.swift */; };
		B7C37C722A214348001FF51D /* CoustomsFavourits.swift in Sources */ = {isa = PBXBuildFile; fileRef = B7C37C712A214348001FF51D /* CoustomsFavourits.swift */; };
		B7C37C742A214A4D001FF51D /* Search2.swift in Sources */ = {isa = PBXBuildFile; fileRef = B7C37C732A214A4D001FF51D /* Search2.swift */; };
		B7C37C762A214EF3001FF51D /* CoustomSearchType.swift in Sources */ = {isa = PBXBuildFile; fileRef = B7C37C752A214EF3001FF51D /* CoustomSearchType.swift */; };
		B7C37C782A2150B4001FF51D /* CoustomSearchList.swift in Sources */ = {isa = PBXBuildFile; fileRef = B7C37C772A2150B3001FF51D /* CoustomSearchList.swift */; };
		B7C37C7A2A2159AF001FF51D /* RecentOrder.swift in Sources */ = {isa = PBXBuildFile; fileRef = B7C37C792A2159AF001FF51D /* RecentOrder.swift */; };
		B7C37C7C2A2159C1001FF51D /* CoustomsOrder.swift in Sources */ = {isa = PBXBuildFile; fileRef = B7C37C7B2A2159C1001FF51D /* CoustomsOrder.swift */; };
		B7C37C802A216BBE001FF51D /* Prfile.swift in Sources */ = {isa = PBXBuildFile; fileRef = B7C37C7F2A216BBE001FF51D /* Prfile.swift */; };
		B7D52B8A2A209F7300F2F7F5 /* Taste_HavenApp.swift in Sources */ = {isa = PBXBuildFile; fileRef = B7D52B892A209F7300F2F7F5 /* Taste_HavenApp.swift */; };
		B7D52B8C2A209F7300F2F7F5 /* ContentView.swift in Sources */ = {isa = PBXBuildFile; fileRef = B7D52B8B2A209F7300F2F7F5 /* ContentView.swift */; };
		B7D52B8E2A209F7500F2F7F5 /* Assets.xcassets in Resources */ = {isa = PBXBuildFile; fileRef = B7D52B8D2A209F7500F2F7F5 /* Assets.xcassets */; };
		B7D52B912A209F7500F2F7F5 /* Preview Assets.xcassets in Resources */ = {isa = PBXBuildFile; fileRef = B7D52B902A209F7500F2F7F5 /* Preview Assets.xcassets */; };
/* End PBXBuildFile section */

/* Begin PBXFileReference section */
		B73CBE812A21720D000A19CC /* CoustomProfile.swift */ = {isa = PBXFileReference; lastKnownFileType = sourcecode.swift; path = CoustomProfile.swift; sourceTree = "<group>"; };
		B73CBE832A21DE54000A19CC /* CoustomTabBar.swift */ = {isa = PBXFileReference; lastKnownFileType = sourcecode.swift; path = CoustomTabBar.swift; sourceTree = "<group>"; };
		B73CBE852A21F5F2000A19CC /* Register.swift */ = {isa = PBXFileReference; lastKnownFileType = sourcecode.swift; path = Register.swift; sourceTree = "<group>"; };
		B73CBE872A21F7CF000A19CC /* CoustomRegister.swift */ = {isa = PBXFileReference; lastKnownFileType = sourcecode.swift; path = CoustomRegister.swift; sourceTree = "<group>"; };
		B73CBE892A21FB67000A19CC /* CoustomButton.swift */ = {isa = PBXFileReference; lastKnownFileType = sourcecode.swift; path = CoustomButton.swift; sourceTree = "<group>"; };
		B73CBE8B2A21FF58000A19CC /* CoustomButtonFitt.swift */ = {isa = PBXFileReference; lastKnownFileType = sourcecode.swift; path = CoustomButtonFitt.swift; sourceTree = "<group>"; };
		B73CBE8D2A220511000A19CC /* CoustomRigesterButton.swift */ = {isa = PBXFileReference; lastKnownFileType = sourcecode.swift; path = CoustomRigesterButton.swift; sourceTree = "<group>"; };
		B73CBE8F2A220550000A19CC /* CoustomOr.swift */ = {isa = PBXFileReference; lastKnownFileType = sourcecode.swift; path = CoustomOr.swift; sourceTree = "<group>"; };
		B73CBE912A22092C000A19CC /* Login.swift */ = {isa = PBXFileReference; lastKnownFileType = sourcecode.swift; path = Login.swift; sourceTree = "<group>"; };
		B73CBE932A22097B000A19CC /* CoustomLogin.swift */ = {isa = PBXFileReference; lastKnownFileType = sourcecode.swift; path = CoustomLogin.swift; sourceTree = "<group>"; };
		B73CBE952A220F2C000A19CC /* CoustomReminder.swift */ = {isa = PBXFileReference; lastKnownFileType = sourcecode.swift; path = CoustomReminder.swift; sourceTree = "<group>"; };
		B73CBE972A2213C5000A19CC /* CoustomNew.swift */ = {isa = PBXFileReference; lastKnownFileType = sourcecode.swift; path = CoustomNew.swift; sourceTree = "<group>"; };
		B7C37C522A20DB1F001FF51D /* TasteMosel.swift */ = {isa = PBXFileReference; lastKnownFileType = sourcecode.swift; path = TasteMosel.swift; sourceTree = "<group>"; };
		B7C37C552A20EBDB001FF51D /* CoustomTob.swift */ = {isa = PBXFileReference; lastKnownFileType = sourcecode.swift; path = CoustomTob.swift; sourceTree = "<group>"; };
		B7C37C5B2A20F5AE001FF51D /* ToBarImage.swift */ = {isa = PBXFileReference; lastKnownFileType = sourcecode.swift; path = ToBarImage.swift; sourceTree = "<group>"; };
		B7C37C5D2A20F74C001FF51D /* HomeView.swift */ = {isa = PBXFileReference; lastKnownFileType = sourcecode.swift; path = HomeView.swift; sourceTree = "<group>"; };
		B7C37C5F2A20F7AE001FF51D /* CoustomSearch.swift */ = {isa = PBXFileReference; lastKnownFileType = sourcecode.swift; path = CoustomSearch.swift; sourceTree = "<group>"; };
		B7C37C612A210287001FF51D /* Coustom Categories.swift */ = {isa = PBXFileReference; lastKnownFileType = sourcecode.swift; path = "Coustom Categories.swift"; sourceTree = "<group>"; };
		B7C37C652A21049A001FF51D /* CoustomCatigrosicFood.swift */ = {isa = PBXFileReference; lastKnownFileType = sourcecode.swift; path = CoustomCatigrosicFood.swift; sourceTree = "<group>"; };
		B7C37C672A211105001FF51D /* CostomFeatured.swift */ = {isa = PBXFileReference; lastKnownFileType = sourcecode.swift; path = CostomFeatured.swift; sourceTree = "<group>"; };
		B7C37C6B2A212658001FF51D /* CoustomFeaturedResturant.swift */ = {isa = PBXFileReference; lastKnownFileType = sourcecode.swift; path = CoustomFeaturedResturant.swift; sourceTree = "<group>"; };
		B7C37C6D2A213888001FF51D /* Stars.swift */ = {isa = PBXFileReference; lastKnownFileType = sourcecode.swift; path = Stars.swift; sourceTree = "<group>"; };
		B7C37C6F2A21426E001FF51D /* CoustoFavourits.swift */ = {isa = PBXFileReference; lastKnownFileType = sourcecode.swift; path = CoustoFavourits.swift; sourceTree = "<group>"; };
		B7C37C712A214348001FF51D /* CoustomsFavourits.swift */ = {isa = PBXFileReference; lastKnownFileType = sourcecode.swift; path = CoustomsFavourits.swift; sourceTree = "<group>"; };
		B7C37C732A214A4D001FF51D /* Search2.swift */ = {isa = PBXFileReference; lastKnownFileType = sourcecode.swift; path = Search2.swift; sourceTree = "<group>"; };
		B7C37C752A214EF3001FF51D /* CoustomSearchType.swift */ = {isa = PBXFileReference; lastKnownFileType = sourcecode.swift; path = CoustomSearchType.swift; sourceTree = "<group>"; };
		B7C37C772A2150B3001FF51D /* CoustomSearchList.swift */ = {isa = PBXFileReference; lastKnownFileType = sourcecode.swift; path = CoustomSearchList.swift; sourceTree = "<group>"; };
		B7C37C792A2159AF001FF51D /* RecentOrder.swift */ = {isa = PBXFileReference; lastKnownFileType = sourcecode.swift; path = RecentOrder.swift; sourceTree = "<group>"; };
		B7C37C7B2A2159C1001FF51D /* CoustomsOrder.swift */ = {isa = PBXFileReference; lastKnownFileType = sourcecode.swift; path = CoustomsOrder.swift; sourceTree = "<group>"; };
		B7C37C7F2A216BBE001FF51D /* Prfile.swift */ = {isa = PBXFileReference; lastKnownFileType = sourcecode.swift; path = Prfile.swift; sourceTree = "<group>"; };
		B7D52B862A209F7300F2F7F5 /* Taste Haven.app */ = {isa = PBXFileReference; explicitFileType = wrapper.application; includeInIndex = 0; path = "Taste Haven.app"; sourceTree = BUILT_PRODUCTS_DIR; };
		B7D52B892A209F7300F2F7F5 /* Taste_HavenApp.swift */ = {isa = PBXFileReference; lastKnownFileType = sourcecode.swift; path = Taste_HavenApp.swift; sourceTree = "<group>"; };
		B7D52B8B2A209F7300F2F7F5 /* ContentView.swift */ = {isa = PBXFileReference; lastKnownFileType = sourcecode.swift; path = ContentView.swift; sourceTree = "<group>"; };
		B7D52B8D2A209F7500F2F7F5 /* Assets.xcassets */ = {isa = PBXFileReference; lastKnownFileType = folder.assetcatalog; path = Assets.xcassets; sourceTree = "<group>"; };
		B7D52B902A209F7500F2F7F5 /* Preview Assets.xcassets */ = {isa = PBXFileReference; lastKnownFileType = folder.assetcatalog; path = "Preview Assets.xcassets"; sourceTree = "<group>"; };
/* End PBXFileReference section */

/* Begin PBXFrameworksBuildPhase section */
		B7D52B832A209F7300F2F7F5 /* Frameworks */ = {
			isa = PBXFrameworksBuildPhase;
			buildActionMask = 2147483647;
			files = (
			);
			runOnlyForDeploymentPostprocessing = 0;
		};
/* End PBXFrameworksBuildPhase section */

/* Begin PBXGroup section */
		B7C37C502A20DABB001FF51D /* Mdel */ = {
			isa = PBXGroup;
			children = (
				B7C37C522A20DB1F001FF51D /* TasteMosel.swift */,
			);
			path = Mdel;
			sourceTree = "<group>";
		};
		B7C37C512A20DACF001FF51D /* View */ = {
			isa = PBXGroup;
			children = (
				B7C37C5D2A20F74C001FF51D /* HomeView.swift */,
				B7C37C732A214A4D001FF51D /* Search2.swift */,
				B7C37C792A2159AF001FF51D /* RecentOrder.swift */,
				B7C37C7F2A216BBE001FF51D /* Prfile.swift */,
				B73CBE852A21F5F2000A19CC /* Register.swift */,
				B73CBE912A22092C000A19CC /* Login.swift */,
			);
			path = View;
			sourceTree = "<group>";
		};
		B7C37C542A20EBAF001FF51D /* Coustoms */ = {
			isa = PBXGroup;
			children = (
				B7C37C552A20EBDB001FF51D /* CoustomTob.swift */,
				B7C37C5F2A20F7AE001FF51D /* CoustomSearch.swift */,
				B7C37C652A21049A001FF51D /* CoustomCatigrosicFood.swift */,
				B7C37C6B2A212658001FF51D /* CoustomFeaturedResturant.swift */,
				B7C37C712A214348001FF51D /* CoustomsFavourits.swift */,
				B7C37C752A214EF3001FF51D /* CoustomSearchType.swift */,
				B7C37C772A2150B3001FF51D /* CoustomSearchList.swift */,
				B7C37C7B2A2159C1001FF51D /* CoustomsOrder.swift */,
				B73CBE812A21720D000A19CC /* CoustomProfile.swift */,
				B73CBE832A21DE54000A19CC /* CoustomTabBar.swift */,
				B73CBE872A21F7CF000A19CC /* CoustomRegister.swift */,
				B73CBE932A22097B000A19CC /* CoustomLogin.swift */,
				B73CBE892A21FB67000A19CC /* CoustomButton.swift */,
				B73CBE8B2A21FF58000A19CC /* CoustomButtonFitt.swift */,
				B73CBE8D2A220511000A19CC /* CoustomRigesterButton.swift */,
				B73CBE8F2A220550000A19CC /* CoustomOr.swift */,
				B73CBE952A220F2C000A19CC /* CoustomReminder.swift */,
				B73CBE972A2213C5000A19CC /* CoustomNew.swift */,
			);
			path = Coustoms;
			sourceTree = "<group>";
		};
		B7C37C5A2A20F571001FF51D /* Component */ = {
			isa = PBXGroup;
			children = (
				B7C37C5B2A20F5AE001FF51D /* ToBarImage.swift */,
				B7C37C612A210287001FF51D /* Coustom Categories.swift */,
				B7C37C672A211105001FF51D /* CostomFeatured.swift */,
				B7C37C6D2A213888001FF51D /* Stars.swift */,
				B7C37C6F2A21426E001FF51D /* CoustoFavourits.swift */,
			);
			path = Component;
			sourceTree = "<group>";
		};
		B7D52B7D2A209F7300F2F7F5 = {
			isa = PBXGroup;
			children = (
				B7D52B882A209F7300F2F7F5 /* Taste Haven */,
				B7D52B872A209F7300F2F7F5 /* Products */,
			);
			sourceTree = "<group>";
		};
		B7D52B872A209F7300F2F7F5 /* Products */ = {
			isa = PBXGroup;
			children = (
				B7D52B862A209F7300F2F7F5 /* Taste Haven.app */,
			);
			name = Products;
			sourceTree = "<group>";
		};
		B7D52B882A209F7300F2F7F5 /* Taste Haven */ = {
			isa = PBXGroup;
			children = (
				B7D52B892A209F7300F2F7F5 /* Taste_HavenApp.swift */,
				B7D52B8B2A209F7300F2F7F5 /* ContentView.swift */,
				B7C37C502A20DABB001FF51D /* Mdel */,
				B7C37C512A20DACF001FF51D /* View */,
				B7C37C542A20EBAF001FF51D /* Coustoms */,
				B7D52B8D2A209F7500F2F7F5 /* Assets.xcassets */,
				B7C37C5A2A20F571001FF51D /* Component */,
				B7D52B8F2A209F7500F2F7F5 /* Preview Content */,
			);
			path = "Taste Haven";
			sourceTree = "<group>";
		};
		B7D52B8F2A209F7500F2F7F5 /* Preview Content */ = {
			isa = PBXGroup;
			children = (
				B7D52B902A209F7500F2F7F5 /* Preview Assets.xcassets */,
			);
			path = "Preview Content";
			sourceTree = "<group>";
		};
/* End PBXGroup section */

/* Begin PBXNativeTarget section */
		B7D52B852A209F7300F2F7F5 /* Taste Haven */ = {
			isa = PBXNativeTarget;
			buildConfigurationList = B7D52B942A209F7500F2F7F5 /* Build configuration list for PBXNativeTarget "Taste Haven" */;
			buildPhases = (
				B7D52B822A209F7300F2F7F5 /* Sources */,
				B7D52B832A209F7300F2F7F5 /* Frameworks */,
				B7D52B842A209F7300F2F7F5 /* Resources */,
			);
			buildRules = (
			);
			dependencies = (
			);
			name = "Taste Haven";
			productName = "Taste Haven";
			productReference = B7D52B862A209F7300F2F7F5 /* Taste Haven.app */;
			productType = "com.apple.product-type.application";
		};
/* End PBXNativeTarget section */

/* Begin PBXProject section */
		B7D52B7E2A209F7300F2F7F5 /* Project object */ = {
			isa = PBXProject;
			attributes = {
				BuildIndependentTargetsInParallel = 1;
				LastSwiftUpdateCheck = 1430;
				LastUpgradeCheck = 1430;
				TargetAttributes = {
					B7D52B852A209F7300F2F7F5 = {
						CreatedOnToolsVersion = 14.3;
					};
				};
			};
			buildConfigurationList = B7D52B812A209F7300F2F7F5 /* Build configuration list for PBXProject "Taste Haven" */;
			compatibilityVersion = "Xcode 14.0";
			developmentRegion = en;
			hasScannedForEncodings = 0;
			knownRegions = (
				en,
				Base,
			);
			mainGroup = B7D52B7D2A209F7300F2F7F5;
			productRefGroup = B7D52B872A209F7300F2F7F5 /* Products */;
			projectDirPath = "";
			projectRoot = "";
			targets = (
				B7D52B852A209F7300F2F7F5 /* Taste Haven */,
			);
		};
/* End PBXProject section */

/* Begin PBXResourcesBuildPhase section */
		B7D52B842A209F7300F2F7F5 /* Resources */ = {
			isa = PBXResourcesBuildPhase;
			buildActionMask = 2147483647;
			files = (
				B7D52B912A209F7500F2F7F5 /* Preview Assets.xcassets in Resources */,
				B7D52B8E2A209F7500F2F7F5 /* Assets.xcassets in Resources */,
			);
			runOnlyForDeploymentPostprocessing = 0;
		};
/* End PBXResourcesBuildPhase section */

/* Begin PBXSourcesBuildPhase section */
		B7D52B822A209F7300F2F7F5 /* Sources */ = {
			isa = PBXSourcesBuildPhase;
			buildActionMask = 2147483647;
			files = (
				B7C37C5C2A20F5AE001FF51D /* ToBarImage.swift in Sources */,
				B73CBE8A2A21FB67000A19CC /* CoustomButton.swift in Sources */,
				B7D52B8C2A209F7300F2F7F5 /* ContentView.swift in Sources */,
				B73CBE922A22092C000A19CC /* Login.swift in Sources */,
				B7D52B8A2A209F7300F2F7F5 /* Taste_HavenApp.swift in Sources */,
				B7C37C702A21426E001FF51D /* CoustoFavourits.swift in Sources */,
				B73CBE942A22097B000A19CC /* CoustomLogin.swift in Sources */,
				B73CBE902A220550000A19CC /* CoustomOr.swift in Sources */,
				B7C37C762A214EF3001FF51D /* CoustomSearchType.swift in Sources */,
				B73CBE962A220F2C000A19CC /* CoustomReminder.swift in Sources */,
				B7C37C802A216BBE001FF51D /* Prfile.swift in Sources */,
				B7C37C7C2A2159C1001FF51D /* CoustomsOrder.swift in Sources */,
				B7C37C622A210287001FF51D /* Coustom Categories.swift in Sources */,
				B7C37C5E2A20F74C001FF51D /* HomeView.swift in Sources */,
				B7C37C602A20F7AE001FF51D /* CoustomSearch.swift in Sources */,
				B73CBE862A21F5F2000A19CC /* Register.swift in Sources */,
				B7C37C682A211105001FF51D /* CostomFeatured.swift in Sources */,
				B7C37C722A214348001FF51D /* CoustomsFavourits.swift in Sources */,
				B73CBE8E2A220511000A19CC /* CoustomRigesterButton.swift in Sources */,
				B73CBE842A21DE54000A19CC /* CoustomTabBar.swift in Sources */,
				B7C37C6E2A213888001FF51D /* Stars.swift in Sources */,
				B7C37C562A20EBDB001FF51D /* CoustomTob.swift in Sources */,
				B73CBE8C2A21FF58000A19CC /* CoustomButtonFitt.swift in Sources */,
				B73CBE822A21720D000A19CC /* CoustomProfile.swift in Sources */,
				B7C37C782A2150B4001FF51D /* CoustomSearchList.swift in Sources */,
				B7C37C662A21049A001FF51D /* CoustomCatigrosicFood.swift in Sources */,
				B7C37C742A214A4D001FF51D /* Search2.swift in Sources */,
				B7C37C532A20DB1F001FF51D /* TasteMosel.swift in Sources */,
				B7C37C6C2A212658001FF51D /* CoustomFeaturedResturant.swift in Sources */,
				B7C37C7A2A2159AF001FF51D /* RecentOrder.swift in Sources */,
				B73CBE882A21F7CF000A19CC /* CoustomRegister.swift in Sources */,
				B73CBE982A2213C5000A19CC /* CoustomNew.swift in Sources */,
			);
			runOnlyForDeploymentPostprocessing = 0;
		};
/* End PBXSourcesBuildPhase section */

/* Begin XCBuildConfiguration section */
		B7D52B922A209F7500F2F7F5 /* Debug */ = {
			isa = XCBuildConfiguration;
			buildSettings = {
				ALWAYS_SEARCH_USER_PATHS = NO;
				CLANG_ANALYZER_NONNULL = YES;
				CLANG_ANALYZER_NUMBER_OBJECT_CONVERSION = YES_AGGRESSIVE;
				CLANG_CXX_LANGUAGE_STANDARD = "gnu++20";
				CLANG_ENABLE_MODULES = YES;
				CLANG_ENABLE_OBJC_ARC = YES;
				CLANG_ENABLE_OBJC_WEAK = YES;
				CLANG_WARN_BLOCK_CAPTURE_AUTORELEASING = YES;
				CLANG_WARN_BOOL_CONVERSION = YES;
				CLANG_WARN_COMMA = YES;
				CLANG_WARN_CONSTANT_CONVERSION = YES;
				CLANG_WARN_DEPRECATED_OBJC_IMPLEMENTATIONS = YES;
				CLANG_WARN_DIRECT_OBJC_ISA_USAGE = YES_ERROR;
				CLANG_WARN_DOCUMENTATION_COMMENTS = YES;
				CLANG_WARN_EMPTY_BODY = YES;
				CLANG_WARN_ENUM_CONVERSION = YES;
				CLANG_WARN_INFINITE_RECURSION = YES;
				CLANG_WARN_INT_CONVERSION = YES;
				CLANG_WARN_NON_LITERAL_NULL_CONVERSION = YES;
				CLANG_WARN_OBJC_IMPLICIT_RETAIN_SELF = YES;
				CLANG_WARN_OBJC_LITERAL_CONVERSION = YES;
				CLANG_WARN_OBJC_ROOT_CLASS = YES_ERROR;
				CLANG_WARN_QUOTED_INCLUDE_IN_FRAMEWORK_HEADER = YES;
				CLANG_WARN_RANGE_LOOP_ANALYSIS = YES;
				CLANG_WARN_STRICT_PROTOTYPES = YES;
				CLANG_WARN_SUSPICIOUS_MOVE = YES;
				CLANG_WARN_UNGUARDED_AVAILABILITY = YES_AGGRESSIVE;
				CLANG_WARN_UNREACHABLE_CODE = YES;
				CLANG_WARN__DUPLICATE_METHOD_MATCH = YES;
				COPY_PHASE_STRIP = NO;
				DEBUG_INFORMATION_FORMAT = dwarf;
				ENABLE_STRICT_OBJC_MSGSEND = YES;
				ENABLE_TESTABILITY = YES;
				GCC_C_LANGUAGE_STANDARD = gnu11;
				GCC_DYNAMIC_NO_PIC = NO;
				GCC_NO_COMMON_BLOCKS = YES;
				GCC_OPTIMIZATION_LEVEL = 0;
				GCC_PREPROCESSOR_DEFINITIONS = (
					"DEBUG=1",
					"$(inherited)",
				);
				GCC_WARN_64_TO_32_BIT_CONVERSION = YES;
				GCC_WARN_ABOUT_RETURN_TYPE = YES_ERROR;
				GCC_WARN_UNDECLARED_SELECTOR = YES;
				GCC_WARN_UNINITIALIZED_AUTOS = YES_AGGRESSIVE;
				GCC_WARN_UNUSED_FUNCTION = YES;
				GCC_WARN_UNUSED_VARIABLE = YES;
				IPHONEOS_DEPLOYMENT_TARGET = 16.4;
				MTL_ENABLE_DEBUG_INFO = INCLUDE_SOURCE;
				MTL_FAST_MATH = YES;
				ONLY_ACTIVE_ARCH = YES;
				SDKROOT = iphoneos;
				SWIFT_ACTIVE_COMPILATION_CONDITIONS = DEBUG;
				SWIFT_OPTIMIZATION_LEVEL = "-Onone";
			};
			name = Debug;
		};
		B7D52B932A209F7500F2F7F5 /* Release */ = {
			isa = XCBuildConfiguration;
			buildSettings = {
				ALWAYS_SEARCH_USER_PATHS = NO;
				CLANG_ANALYZER_NONNULL = YES;
				CLANG_ANALYZER_NUMBER_OBJECT_CONVERSION = YES_AGGRESSIVE;
				CLANG_CXX_LANGUAGE_STANDARD = "gnu++20";
				CLANG_ENABLE_MODULES = YES;
				CLANG_ENABLE_OBJC_ARC = YES;
				CLANG_ENABLE_OBJC_WEAK = YES;
				CLANG_WARN_BLOCK_CAPTURE_AUTORELEASING = YES;
				CLANG_WARN_BOOL_CONVERSION = YES;
				CLANG_WARN_COMMA = YES;
				CLANG_WARN_CONSTANT_CONVERSION = YES;
				CLANG_WARN_DEPRECATED_OBJC_IMPLEMENTATIONS = YES;
				CLANG_WARN_DIRECT_OBJC_ISA_USAGE = YES_ERROR;
				CLANG_WARN_DOCUMENTATION_COMMENTS = YES;
				CLANG_WARN_EMPTY_BODY = YES;
				CLANG_WARN_ENUM_CONVERSION = YES;
				CLANG_WARN_INFINITE_RECURSION = YES;
				CLANG_WARN_INT_CONVERSION = YES;
				CLANG_WARN_NON_LITERAL_NULL_CONVERSION = YES;
				CLANG_WARN_OBJC_IMPLICIT_RETAIN_SELF = YES;
				CLANG_WARN_OBJC_LITERAL_CONVERSION = YES;
				CLANG_WARN_OBJC_ROOT_CLASS = YES_ERROR;
				CLANG_WARN_QUOTED_INCLUDE_IN_FRAMEWORK_HEADER = YES;
				CLANG_WARN_RANGE_LOOP_ANALYSIS = YES;
				CLANG_WARN_STRICT_PROTOTYPES = YES;
				CLANG_WARN_SUSPICIOUS_MOVE = YES;
				CLANG_WARN_UNGUARDED_AVAILABILITY = YES_AGGRESSIVE;
				CLANG_WARN_UNREACHABLE_CODE = YES;
				CLANG_WARN__DUPLICATE_METHOD_MATCH = YES;
				COPY_PHASE_STRIP = NO;
				DEBUG_INFORMATION_FORMAT = "dwarf-with-dsym";
				ENABLE_NS_ASSERTIONS = NO;
				ENABLE_STRICT_OBJC_MSGSEND = YES;
				GCC_C_LANGUAGE_STANDARD = gnu11;
				GCC_NO_COMMON_BLOCKS = YES;
				GCC_WARN_64_TO_32_BIT_CONVERSION = YES;
				GCC_WARN_ABOUT_RETURN_TYPE = YES_ERROR;
				GCC_WARN_UNDECLARED_SELECTOR = YES;
				GCC_WARN_UNINITIALIZED_AUTOS = YES_AGGRESSIVE;
				GCC_WARN_UNUSED_FUNCTION = YES;
				GCC_WARN_UNUSED_VARIABLE = YES;
				IPHONEOS_DEPLOYMENT_TARGET = 16.4;
				MTL_ENABLE_DEBUG_INFO = NO;
				MTL_FAST_MATH = YES;
				SDKROOT = iphoneos;
				SWIFT_COMPILATION_MODE = wholemodule;
				SWIFT_OPTIMIZATION_LEVEL = "-O";
				VALIDATE_PRODUCT = YES;
			};
			name = Release;
		};
		B7D52B952A209F7500F2F7F5 /* Debug */ = {
			isa = XCBuildConfiguration;
			buildSettings = {
				ASSETCATALOG_COMPILER_APPICON_NAME = AppIcon;
				ASSETCATALOG_COMPILER_GLOBAL_ACCENT_COLOR_NAME = AccentColor;
				CODE_SIGN_STYLE = Automatic;
				CURRENT_PROJECT_VERSION = 1;
				DEVELOPMENT_ASSET_PATHS = "\"Taste Haven/Preview Content\"";
				DEVELOPMENT_TEAM = W2U4CD5AB8;
				ENABLE_PREVIEWS = YES;
				GENERATE_INFOPLIST_FILE = YES;
				INFOPLIST_KEY_UIApplicationSceneManifest_Generation = YES;
				INFOPLIST_KEY_UIApplicationSupportsIndirectInputEvents = YES;
				INFOPLIST_KEY_UILaunchScreen_Generation = YES;
				INFOPLIST_KEY_UISupportedInterfaceOrientations_iPad = "UIInterfaceOrientationPortrait UIInterfaceOrientationPortraitUpsideDown UIInterfaceOrientationLandscapeLeft UIInterfaceOrientationLandscapeRight";
				INFOPLIST_KEY_UISupportedInterfaceOrientations_iPhone = "UIInterfaceOrientationPortrait UIInterfaceOrientationLandscapeLeft UIInterfaceOrientationLandscapeRight";
				IPHONEOS_DEPLOYMENT_TARGET = 16.0;
				LD_RUNPATH_SEARCH_PATHS = (
					"$(inherited)",
					"@executable_path/Frameworks",
				);
				MARKETING_VERSION = 1.0;
				PRODUCT_BUNDLE_IDENTIFIER = "GGG.Taste-Haven";
				PRODUCT_NAME = "$(TARGET_NAME)";
				SWIFT_EMIT_LOC_STRINGS = YES;
				SWIFT_VERSION = 5.0;
				TARGETED_DEVICE_FAMILY = "1,2";
			};
			name = Debug;
		};
		B7D52B962A209F7500F2F7F5 /* Release */ = {
			isa = XCBuildConfiguration;
			buildSettings = {
				ASSETCATALOG_COMPILER_APPICON_NAME = AppIcon;
				ASSETCATALOG_COMPILER_GLOBAL_ACCENT_COLOR_NAME = AccentColor;
				CODE_SIGN_STYLE = Automatic;
				CURRENT_PROJECT_VERSION = 1;
				DEVELOPMENT_ASSET_PATHS = "\"Taste Haven/Preview Content\"";
				DEVELOPMENT_TEAM = W2U4CD5AB8;
				ENABLE_PREVIEWS = YES;
				GENERATE_INFOPLIST_FILE = YES;
				INFOPLIST_KEY_UIApplicationSceneManifest_Generation = YES;
				INFOPLIST_KEY_UIApplicationSupportsIndirectInputEvents = YES;
				INFOPLIST_KEY_UILaunchScreen_Generation = YES;
				INFOPLIST_KEY_UISupportedInterfaceOrientations_iPad = "UIInterfaceOrientationPortrait UIInterfaceOrientationPortraitUpsideDown UIInterfaceOrientationLandscapeLeft UIInterfaceOrientationLandscapeRight";
				INFOPLIST_KEY_UISupportedInterfaceOrientations_iPhone = "UIInterfaceOrientationPortrait UIInterfaceOrientationLandscapeLeft UIInterfaceOrientationLandscapeRight";
				IPHONEOS_DEPLOYMENT_TARGET = 16.0;
				LD_RUNPATH_SEARCH_PATHS = (
					"$(inherited)",
					"@executable_path/Frameworks",
				);
				MARKETING_VERSION = 1.0;
				PRODUCT_BUNDLE_IDENTIFIER = "GGG.Taste-Haven";
				PRODUCT_NAME = "$(TARGET_NAME)";
				SWIFT_EMIT_LOC_STRINGS = YES;
				SWIFT_VERSION = 5.0;
				TARGETED_DEVICE_FAMILY = "1,2";
			};
			name = Release;
		};
/* End XCBuildConfiguration section */

/* Begin XCConfigurationList section */
		B7D52B812A209F7300F2F7F5 /* Build configuration list for PBXProject "Taste Haven" */ = {
			isa = XCConfigurationList;
			buildConfigurations = (
				B7D52B922A209F7500F2F7F5 /* Debug */,
				B7D52B932A209F7500F2F7F5 /* Release */,
			);
			defaultConfigurationIsVisible = 0;
			defaultConfigurationName = Release;
		};
		B7D52B942A209F7500F2F7F5 /* Build configuration list for PBXNativeTarget "Taste Haven" */ = {
			isa = XCConfigurationList;
			buildConfigurations = (
				B7D52B952A209F7500F2F7F5 /* Debug */,
				B7D52B962A209F7500F2F7F5 /* Release */,
			);
			defaultConfigurationIsVisible = 0;
			defaultConfigurationName = Release;
		};
/* End XCConfigurationList section */
	};
	rootObject = B7D52B7E2A209F7300F2F7F5 /* Project object */;
}
